
Microsoft Visual Studio Solution File, Format Version 12.00
# Visual Studio Version 16
VisualStudioVersion = 16.0.30611.23
MinimumVisualStudioVersion = 10.0.40219.1
Project("{FAE04EC0-301F-11D3-BF4B-00C04F79EFBC}") = "App9.UWP", "App9.UWP\App9.UWP.csproj", "{11BEE1E9-3E01-457F-AFC2-EAEC2B142942}"
EndProject
Project("{FAE04EC0-301F-11D3-BF4B-00C04F79EFBC}") = "App9.Android", "App9.Android\App9.Android.csproj", "{9FAD9C6A-D26D-41E3-B434-6D841F168F3C}"
EndProject
Project("{FAE04EC0-301F-11D3-BF4B-00C04F79EFBC}") = "App9.iOS", "App9.iOS\App9.iOS.csproj", "{466991C4-A345-41B9-9422-46A233F419EA}"
EndProject
Project("{FAE04EC0-301F-11D3-BF4B-00C04F79EFBC}") = "App9", "App9\App9.csproj", "{BC79B52B-7CEF-43A7-8FA1-4BCADDE9DF7A}"
EndProject
Global
	GlobalSection(SolutionConfigurationPlatforms) = preSolution
		Debug|Any CPU = Debug|Any CPU
		Debug|ARM = Debug|ARM
		Debug|iPhone = Debug|iPhone
		Debug|iPhoneSimulator = Debug|iPhoneSimulator
		Debug|x64 = Debug|x64
		Debug|x86 = Debug|x86
		Release|Any CPU = Release|Any CPU
		Release|ARM = Release|ARM
		Release|iPhone = Release|iPhone
		Release|iPhoneSimulator = Release|iPhoneSimulator
		Release|x64 = Release|x64
		Release|x86 = Release|x86
	EndGlobalSection
	GlobalSection(ProjectConfigurationPlatforms) = postSolution
		{11BEE1E9-3E01-457F-AFC2-EAEC2B142942}.Debug|Any CPU.ActiveCfg = Debug|x86
		{11BEE1E9-3E01-457F-AFC2-EAEC2B142942}.Debug|Any CPU.Build.0 = Debug|x86
		{11BEE1E9-3E01-457F-AFC2-EAEC2B142942}.Debug|Any CPU.Deploy.0 = Debug|x86
		{11BEE1E9-3E01-457F-AFC2-EAEC2B142942}.Debug|ARM.ActiveCfg = Debug|ARM
		{11BEE1E9-3E01-457F-AFC2-EAEC2B142942}.Debug|ARM.Build.0 = Debug|ARM
		{11BEE1E9-3E01-457F-AFC2-EAEC2B142942}.Debug|ARM.Deploy.0 = Debug|ARM
		{11BEE1E9-3E01-457F-AFC2-EAEC2B142942}.Debug|iPhone.ActiveCfg = Debug|x86
		{11BEE1E9-3E01-457F-AFC2-EAEC2B142942}.Debug|iPhone.Build.0 = Debug|x86
		{11BEE1E9-3E01-457F-AFC2-EAEC2B142942}.Debug|iPhone.Deploy.0 = Debug|x86
		{11BEE1E9-3E01-457F-AFC2-EAEC2B142942}.Debug|iPhoneSimulator.ActiveCfg = Debug|x86
		{11BEE1E9-3E01-457F-AFC2-EAEC2B142942}.Debug|iPhoneSimulator.Build.0 = Debug|x86
		{11BEE1E9-3E01-457F-AFC2-EAEC2B142942}.Debug|iPhoneSimulator.Deploy.0 = Debug|x86
		{11BEE1E9-3E01-457F-AFC2-EAEC2B142942}.Debug|x64.ActiveCfg = Debug|x64
		{11BEE1E9-3E01-457F-AFC2-EAEC2B142942}.Debug|x64.Build.0 = Debug|x64
		{11BEE1E9-3E01-457F-AFC2-EAEC2B142942}.Debug|x64.Deploy.0 = Debug|x64
		{11BEE1E9-3E01-457F-AFC2-EAEC2B142942}.Debug|x86.ActiveCfg = Debug|x86
		{11BEE1E9-3E01-457F-AFC2-EAEC2B142942}.Debug|x86.Build.0 = Debug|x86
		{11BEE1E9-3E01-457F-AFC2-EAEC2B142942}.Debug|x86.Deploy.0 = Debug|x86
		{11BEE1E9-3E01-457F-AFC2-EAEC2B142942}.Release|Any CPU.ActiveCfg = Release|x86
		{11BEE1E9-3E01-457F-AFC2-EAEC2B142942}.Release|Any CPU.Build.0 = Release|x86
		{11BEE1E9-3E01-457F-AFC2-EAEC2B142942}.Release|Any CPU.Deploy.0 = Release|x86
		{11BEE1E9-3E01-457F-AFC2-EAEC2B142942}.Release|ARM.ActiveCfg = Release|ARM
		{11BEE1E9-3E01-457F-AFC2-EAEC2B142942}.Release|ARM.Build.0 = Release|ARM
		{11BEE1E9-3E01-457F-AFC2-EAEC2B142942}.Release|ARM.Deploy.0 = Release|ARM
		{11BEE1E9-3E01-457F-AFC2-EAEC2B142942}.Release|iPhone.ActiveCfg = Release|x86
		{11BEE1E9-3E01-457F-AFC2-EAEC2B142942}.Release|iPhone.Build.0 = Release|x86
		{11BEE1E9-3E01-457F-AFC2-EAEC2B142942}.Release|iPhone.Deploy.0 = Release|x86
		{11BEE1E9-3E01-457F-AFC2-EAEC2B142942}.Release|iPhoneSimulator.ActiveCfg = Release|x86
		{11BEE1E9-3E01-457F-AFC2-EAEC2B142942}.Release|iPhoneSimulator.Build.0 = Release|x86
		{11BEE1E9-3E01-457F-AFC2-EAEC2B142942}.Release|iPhoneSimulator.Deploy.0 = Release|x86
		{11BEE1E9-3E01-457F-AFC2-EAEC2B142942}.Release|x64.ActiveCfg = Release|x64
		{11BEE1E9-3E01-457F-AFC2-EAEC2B142942}.Release|x64.Build.0 = Release|x64
		{11BEE1E9-3E01-457F-AFC2-EAEC2B142942}.Release|x64.Deploy.0 = Release|x64
		{11BEE1E9-3E01-457F-AFC2-EAEC2B142942}.Release|x86.ActiveCfg = Release|x86
		{11BEE1E9-3E01-457F-AFC2-EAEC2B142942}.Release|x86.Build.0 = Release|x86
		{11BEE1E9-3E01-457F-AFC2-EAEC2B142942}.Release|x86.Deploy.0 = Release|x86
		{9FAD9C6A-D26D-41E3-B434-6D841F168F3C}.Debug|Any CPU.ActiveCfg = Debug|Any CPU
		{9FAD9C6A-D26D-41E3-B434-6D841F168F3C}.Debug|Any CPU.Build.0 = Debug|Any CPU
		{9FAD9C6A-D26D-41E3-B434-6D841F168F3C}.Debug|Any CPU.Deploy.0 = Debug|Any CPU
		{9FAD9C6A-D26D-41E3-B434-6D841F168F3C}.Debug|ARM.ActiveCfg = Debug|Any CPU
		{9FAD9C6A-D26D-41E3-B434-6D841F168F3C}.Debug|ARM.Build.0 = Debug|Any CPU
		{9FAD9C6A-D26D-41E3-B434-6D841F168F3C}.Debug|ARM.Deploy.0 = Debug|Any CPU
		{9FAD9C6A-D26D-41E3-B434-6D841F168F3C}.Debug|iPhone.ActiveCfg = Debug|Any CPU
		{9FAD9C6A-D26D-41E3-B434-6D841F168F3C}.Debug|iPhone.Build.0 = Debug|Any CPU
		{9FAD9C6A-D26D-41E3-B434-6D841F168F3C}.Debug|iPhone.Deploy.0 = Debug|Any CPU
		{9FAD9C6A-D26D-41E3-B434-6D841F168F3C}.Debug|iPhoneSimulator.ActiveCfg = Debug|Any CPU
		{9FAD9C6A-D26D-41E3-B434-6D841F168F3C}.Debug|iPhoneSimulator.Build.0 = Debug|Any CPU
		{9FAD9C6A-D26D-41E3-B434-6D841F168F3C}.Debug|iPhoneSimulator.Deploy.0 = Debug|Any CPU
		{9FAD9C6A-D26D-41E3-B434-6D841F168F3C}.Debug|x64.ActiveCfg = Debug|Any CPU
		{9FAD9C6A-D26D-41E3-B434-6D841F168F3C}.Debug|x64.Build.0 = Debug|Any CPU
		{9FAD9C6A-D26D-41E3-B434-6D841F168F3C}.Debug|x64.Deploy.0 = Debug|Any CPU
		{9FAD9C6A-D26D-41E3-B434-6D841F168F3C}.Debug|x86.ActiveCfg = Debug|Any CPU
		{9FAD9C6A-D26D-41E3-B434-6D841F168F3C}.Debug|x86.Build.0 = Debug|Any CPU
		{9FAD9C6A-D26D-41E3-B434-6D841F168F3C}.Debug|x86.Deploy.0 = Debug|Any CPU
		{9FAD9C6A-D26D-41E3-B434-6D841F168F3C}.Release|Any CPU.ActiveCfg = Release|Any CPU
		{9FAD9C6A-D26D-41E3-B434-6D841F168F3C}.Release|Any CPU.Build.0 = Release|Any CPU
		{9FAD9C6A-D26D-41E3-B434-6D841F168F3C}.Release|Any CPU.Deploy.0 = Release|Any CPU
		{9FAD9C6A-D26D-41E3-B434-6D841F168F3C}.Release|ARM.ActiveCfg = Release|Any CPU
		{9FAD9C6A-D26D-41E3-B434-6D841F168F3C}.Release|ARM.Build.0 = Release|Any CPU
		{9FAD9C6A-D26D-41E3-B434-6D841F168F3C}.Release|ARM.Deploy.0 = Release|Any CPU
		{9FAD9C6A-D26D-41E3-B434-6D841F168F3C}.Release|iPhone.ActiveCfg = Release|Any CPU
		{9FAD9C6A-D26D-41E3-B434-6D841F168F3C}.Release|iPhone.Build.0 = Release|Any CPU
		{9FAD9C6A-D26D-41E3-B434-6D841F168F3C}.Release|iPhone.Deploy.0 = Release|Any CPU
		{9FAD9C6A-D26D-41E3-B434-6D841F168F3C}.Release|iPhoneSimulator.ActiveCfg = Release|Any CPU
		{9FAD9C6A-D26D-41E3-B434-6D841F168F3C}.Release|iPhoneSimulator.Build.0 = Release|Any CPU
		{9FAD9C6A-D26D-41E3-B434-6D841F168F3C}.Release|iPhoneSimulator.Deploy.0 = Release|Any CPU
		{9FAD9C6A-D26D-41E3-B434-6D841F168F3C}.Release|x64.ActiveCfg = Release|Any CPU
		{9FAD9C6A-D26D-41E3-B434-6D841F168F3C}.Release|x64.Build.0 = Release|Any CPU
		{9FAD9C6A-D26D-41E3-B434-6D841F168F3C}.Release|x64.Deploy.0 = Release|Any CPU
		{9FAD9C6A-D26D-41E3-B434-6D841F168F3C}.Release|x86.ActiveCfg = Release|Any CPU
		{9FAD9C6A-D26D-41E3-B434-6D841F168F3C}.Release|x86.Build.0 = Release|Any CPU
		{9FAD9C6A-D26D-41E3-B434-6D841F168F3C}.Release|x86.Deploy.0 = Release|Any CPU
		{466991C4-A345-41B9-9422-46A233F419EA}.Debug|Any CPU.ActiveCfg = Debug|iPhoneSimulator
		{466991C4-A345-41B9-9422-46A233F419EA}.Debug|Any CPU.Build.0 = Debug|iPhoneSimulator
		{466991C4-A345-41B9-9422-46A233F419EA}.Debug|Any CPU.Deploy.0 = Debug|iPhoneSimulator
		{466991C4-A345-41B9-9422-46A233F419EA}.Debug|ARM.ActiveCfg = Debug|iPhone
		{466991C4-A345-41B9-9422-46A233F419EA}.Debug|ARM.Build.0 = Debug|iPhone
		{466991C4-A345-41B9-9422-46A233F419EA}.Debug|ARM.Deploy.0 = Debug|iPhone
		{466991C4-A345-41B9-9422-46A233F419EA}.Debug|iPhone.ActiveCfg = Debug|iPhone
		{466991C4-A345-41B9-9422-46A233F419EA}.Debug|iPhone.Build.0 = Debug|iPhone
		{466991C4-A345-41B9-9422-46A233F419EA}.Debug|iPhone.Deploy.0 = Debug|iPhone
		{466991C4-A345-41B9-9422-46A233F419EA}.Debug|iPhoneSimulator.ActiveCfg = Debug|iPhoneSimulator
		{466991C4-A345-41B9-9422-46A233F419EA}.Debug|iPhoneSimulator.Build.0 = Debug|iPhoneSimulator
		{466991C4-A345-41B9-9422-46A233F419EA}.Debug|iPhoneSimulator.Deploy.0 = Debug|iPhoneSimulator
		{466991C4-A345-41B9-9422-46A233F419EA}.Debug|x64.ActiveCfg = Debug|iPhoneSimulator
		{466991C4-A345-41B9-9422-46A233F419EA}.Debug|x64.Build.0 = Debug|iPhoneSimulator
		{466991C4-A345-41B9-9422-46A233F419EA}.Debug|x64.Deploy.0 = Debug|iPhoneSimulator
		{466991C4-A345-41B9-9422-46A233F419EA}.Debug|x86.ActiveCfg = Debug|iPhoneSimulator
		{466991C4-A345-41B9-9422-46A233F419EA}.Debug|x86.Build.0 = Debug|iPhoneSimulator
		{466991C4-A345-41B9-9422-46A233F419EA}.Debug|x86.Deploy.0 = Debug|iPhoneSimulator
		{466991C4-A345-41B9-9422-46A233F419EA}.Release|Any CPU.ActiveCfg = Release|iPhoneSimulator
		{466991C4-A345-41B9-9422-46A233F419EA}.Release|Any CPU.Build.0 = Release|iPhoneSimulator
		{466991C4-A345-41B9-9422-46A233F419EA}.Release|Any CPU.Deploy.0 = Release|iPhoneSimulator
		{466991C4-A345-41B9-9422-46A233F419EA}.Release|ARM.ActiveCfg = Release|iPhoneSimulator
		{466991C4-A345-41B9-9422-46A233F419EA}.Release|ARM.Build.0 = Release|iPhoneSimulator
		{466991C4-A345-41B9-9422-46A233F419EA}.Release|ARM.Deploy.0 = Release|iPhoneSimulator
		{466991C4-A345-41B9-9422-46A233F419EA}.Release|iPhone.ActiveCfg = Release|iPhone
		{466991C4-A345-41B9-9422-46A233F419EA}.Release|iPhone.Build.0 = Release|iPhone
		{466991C4-A345-41B9-9422-46A233F419EA}.Release|iPhone.Deploy.0 = Release|iPhone
		{466991C4-A345-41B9-9422-46A233F419EA}.Release|iPhoneSimulator.ActiveCfg = Release|iPhoneSimulator
		{466991C4-A345-41B9-9422-46A233F419EA}.Release|iPhoneSimulator.Build.0 = Release|iPhoneSimulator
		{466991C4-A345-41B9-9422-46A233F419EA}.Release|iPhoneSimulator.Deploy.0 = Release|iPhoneSimulator
		{466991C4-A345-41B9-9422-46A233F419EA}.Release|x64.ActiveCfg = Release|iPhoneSimulator
		{466991C4-A345-41B9-9422-46A233F419EA}.Release|x64.Build.0 = Release|iPhoneSimulator
		{466991C4-A345-41B9-9422-46A233F419EA}.Release|x64.Deploy.0 = Release|iPhoneSimulator
		{466991C4-A345-41B9-9422-46A233F419EA}.Release|x86.ActiveCfg = Release|iPhoneSimulator
		{466991C4-A345-41B9-9422-46A233F419EA}.Release|x86.Build.0 = Release|iPhoneSimulator
		{466991C4-A345-41B9-9422-46A233F419EA}.Release|x86.Deploy.0 = Release|iPhoneSimulator
		{BC79B52B-7CEF-43A7-8FA1-4BCADDE9DF7A}.Debug|Any CPU.ActiveCfg = Debug|Any CPU
		{BC79B52B-7CEF-43A7-8FA1-4BCADDE9DF7A}.Debug|Any CPU.Build.0 = Debug|Any CPU
		{BC79B52B-7CEF-43A7-8FA1-4BCADDE9DF7A}.Debug|Any CPU.Deploy.0 = Debug|Any CPU
		{BC79B52B-7CEF-43A7-8FA1-4BCADDE9DF7A}.Debug|ARM.ActiveCfg = Debug|Any CPU
		{BC79B52B-7CEF-43A7-8FA1-4BCADDE9DF7A}.Debug|ARM.Build.0 = Debug|Any CPU
		{BC79B52B-7CEF-43A7-8FA1-4BCADDE9DF7A}.Debug|ARM.Deploy.0 = Debug|Any CPU
		{BC79B52B-7CEF-43A7-8FA1-4BCADDE9DF7A}.Debug|iPhone.ActiveCfg = Debug|Any CPU
		{BC79B52B-7CEF-43A7-8FA1-4BCADDE9DF7A}.Debug|iPhone.Build.0 = Debug|Any CPU
		{BC79B52B-7CEF-43A7-8FA1-4BCADDE9DF7A}.Debug|iPhone.Deploy.0 = Debug|Any CPU
		{BC79B52B-7CEF-43A7-8FA1-4BCADDE9DF7A}.Debug|iPhoneSimulator.ActiveCfg = Debug|Any CPU
		{BC79B52B-7CEF-43A7-8FA1-4BCADDE9DF7A}.Debug|iPhoneSimulator.Build.0 = Debug|Any CPU
		{BC79B52B-7CEF-43A7-8FA1-4BCADDE9DF7A}.Debug|iPhoneSimulator.Deploy.0 = Debug|Any CPU
		{BC79B52B-7CEF-43A7-8FA1-4BCADDE9DF7A}.Debug|x64.ActiveCfg = Debug|Any CPU
		{BC79B52B-7CEF-43A7-8FA1-4BCADDE9DF7A}.Debug|x64.Build.0 = Debug|Any CPU
		{BC79B52B-7CEF-43A7-8FA1-4BCADDE9DF7A}.Debug|x64.Deploy.0 = Debug|Any CPU
		{BC79B52B-7CEF-43A7-8FA1-4BCADDE9DF7A}.Debug|x86.ActiveCfg = Debug|Any CPU
		{BC79B52B-7CEF-43A7-8FA1-4BCADDE9DF7A}.Debug|x86.Build.0 = Debug|Any CPU
		{BC79B52B-7CEF-43A7-8FA1-4BCADDE9DF7A}.Debug|x86.Deploy.0 = Debug|Any CPU
		{BC79B52B-7CEF-43A7-8FA1-4BCADDE9DF7A}.Release|Any CPU.ActiveCfg = Release|Any CPU
		{BC79B52B-7CEF-43A7-8FA1-4BCADDE9DF7A}.Release|Any CPU.Build.0 = Release|Any CPU
		{BC79B52B-7CEF-43A7-8FA1-4BCADDE9DF7A}.Release|Any CPU.Deploy.0 = Release|Any CPU
		{BC79B52B-7CEF-43A7-8FA1-4BCADDE9DF7A}.Release|ARM.ActiveCfg = Release|Any CPU
		{BC79B52B-7CEF-43A7-8FA1-4BCADDE9DF7A}.Release|ARM.Build.0 = Release|Any CPU
		{BC79B52B-7CEF-43A7-8FA1-4BCADDE9DF7A}.Release|ARM.Deploy.0 = Release|Any CPU
		{BC79B52B-7CEF-43A7-8FA1-4BCADDE9DF7A}.Release|iPhone.ActiveCfg = Release|Any CPU
		{BC79B52B-7CEF-43A7-8FA1-4BCADDE9DF7A}.Release|iPhone.Build.0 = Release|Any CPU
		{BC79B52B-7CEF-43A7-8FA1-4BCADDE9DF7A}.Release|iPhone.Deploy.0 = Release|Any CPU
		{BC79B52B-7CEF-43A7-8FA1-4BCADDE9DF7A}.Release|iPhoneSimulator.ActiveCfg = Release|Any CPU
		{BC79B52B-7CEF-43A7-8FA1-4BCADDE9DF7A}.Release|iPhoneSimulator.Build.0 = Release|Any CPU
		{BC79B52B-7CEF-43A7-8FA1-4BCADDE9DF7A}.Release|iPhoneSimulator.Deploy.0 = Release|Any CPU
		{BC79B52B-7CEF-43A7-8FA1-4BCADDE9DF7A}.Release|x64.ActiveCfg = Release|Any CPU
		{BC79B52B-7CEF-43A7-8FA1-4BCADDE9DF7A}.Release|x64.Build.0 = Release|Any CPU
		{BC79B52B-7CEF-43A7-8FA1-4BCADDE9DF7A}.Release|x64.Deploy.0 = Release|Any CPU
		{BC79B52B-7CEF-43A7-8FA1-4BCADDE9DF7A}.Release|x86.ActiveCfg = Release|Any CPU
		{BC79B52B-7CEF-43A7-8FA1-4BCADDE9DF7A}.Release|x86.Build.0 = Release|Any CPU
		{BC79B52B-7CEF-43A7-8FA1-4BCADDE9DF7A}.Release|x86.Deploy.0 = Release|Any CPU
	EndGlobalSection
	GlobalSection(SolutionProperties) = preSolution
		HideSolutionNode = FALSE
	EndGlobalSection
	GlobalSection(ExtensibilityGlobals) = postSolution
		SolutionGuid = {D58A54B3-5697-4C2A-849B-5A3695E063D9}
	EndGlobalSection
EndGlobal
